<?xml version="1.0" encoding="utf-8"?>
<Project ToolsVersion="4.0" xmlns="http://schemas.microsoft.com/developer/msbuild/2003">
  <ItemGroup>
    <Filter Include="Исходные файлы">
      <UniqueIdentifier>{4FC737F1-C7A5-4376-A066-2A32D752A2FF}</UniqueIdentifier>
      <Extensions>cpp;c;cc;cxx;c++;cppm;ixx;def;odl;idl;hpj;bat;asm;asmx</Extensions>
    </Filter>
    <Filter Include="Файлы заголовков">
      <UniqueIdentifier>{93995380-89BD-4b04-88EB-625FBE52EBFB}</UniqueIdentifier>
      <Extensions>h;hh;hpp;hxx;h++;hm;inl;inc;ipp;xsd</Extensions>
    </Filter>
    <Filter Include="Файлы ресурсов">
      <UniqueIdentifier>{67DA6AB6-F800-4c08-8B7A-83BB121AAD01}</UniqueIdentifier>
      <Extensions>rc;ico;cur;bmp;dlg;rc2;rct;bin;rgs;gif;jpg;jpeg;jpe;resx;tiff;tif;png;wav;mfcribbon-ms</Extensions>
    </Filter>
    <Filter Include="Исходные файлы\Sorts">
      <UniqueIdentifier>{a00ffe33-91f5-4374-80cb-8231b5cffd3d}</UniqueIdentifier>
    </Filter>
    <Filter Include="Файлы заголовков\Sorts">
      <UniqueIdentifier>{0f8b6c85-e966-4798-a7ff-94717ded65d0}</UniqueIdentifier>
    </Filter>
    <Filter Include="Исходные файлы\Utility">
      <UniqueIdentifier>{085971f0-dac2-4255-9253-15efc821e4e4}</UniqueIdentifier>
    </Filter>
    <Filter Include="Файлы заголовков\Utility">
      <UniqueIdentifier>{df084013-2f46-41b9-945e-4ed4e60717bb}</UniqueIdentifier>
    </Filter>
    <Filter Include="Исходные файлы\Search">
      <UniqueIdentifier>{f15199d0-620f-4339-b084-fc32dc419339}</UniqueIdentifier>
    </Filter>
    <Filter Include="Файлы заголовков\Search">
      <UniqueIdentifier>{c84cdd45-53b4-47a9-b07e-d412d6d28bb6}</UniqueIdentifier>
    </Filter>
  </ItemGroup>
  <ItemGroup>
    <ClCompile Include="Lab7.cpp">
      <Filter>Исходные файлы</Filter>
    </ClCompile>
    <ClCompile Include="AbstractSort.cpp">
      <Filter>Исходные файлы\Sorts</Filter>
    </ClCompile>
    <ClCompile Include="BubbleSort.cpp">
      <Filter>Исходные файлы\Sorts</Filter>
    </ClCompile>
    <ClCompile Include="InsertionSort.cpp">
      <Filter>Исходные файлы\Sorts</Filter>
    </ClCompile>
    <ClCompile Include="SelectionSort.cpp">
      <Filter>Исходные файлы\Sorts</Filter>
    </ClCompile>
    <ClCompile Include="ShellSort.cpp">
      <Filter>Исходные файлы\Sorts</Filter>
    </ClCompile>
    <ClCompile Include="QuickSort.cpp">
      <Filter>Исходные файлы\Sorts</Filter>
    </ClCompile>
    <ClCompile Include="Timer.cpp">
      <Filter>Исходные файлы\Utility</Filter>
    </ClCompile>
    <ClCompile Include="Validator.cpp">
      <Filter>Исходные файлы\Utility</Filter>
    </ClCompile>
    <ClCompile Include="Matrix.cpp">
      <Filter>Исходные файлы\Utility</Filter>
    </ClCompile>
    <ClCompile Include="AbstractSearch.cpp">
      <Filter>Исходные файлы\Search</Filter>
    </ClCompile>
    <ClCompile Include="SequentialSearch.cpp">
      <Filter>Исходные файлы\Search</Filter>
    </ClCompile>
    <ClCompile Include="Data.cpp">
      <Filter>Исходные файлы\Utility</Filter>
    </ClCompile>
    <ClCompile Include="BinarySearch.cpp">
      <Filter>Исходные файлы\Search</Filter>
    </ClCompile>
  </ItemGroup>
  <ItemGroup>
    <ClInclude Include="AbstractSort.h">
      <Filter>Файлы заголовков\Sorts</Filter>
    </ClInclude>
    <ClInclude Include="BubbleSort.h">
      <Filter>Файлы заголовков\Sorts</Filter>
    </ClInclude>
    <ClInclude Include="InsertionSort.h">
      <Filter>Файлы заголовков\Sorts</Filter>
    </ClInclude>
    <ClInclude Include="SelectionSort.h">
      <Filter>Файлы заголовков\Sorts</Filter>
    </ClInclude>
    <ClInclude Include="ShellSort.h">
      <Filter>Файлы заголовков\Sorts</Filter>
    </ClInclude>
    <ClInclude Include="QuickSort.h">
      <Filter>Файлы заголовков\Sorts</Filter>
    </ClInclude>
    <ClInclude Include="Timer.h">
      <Filter>Файлы заголовков\Utility</Filter>
    </ClInclude>
    <ClInclude Include="Validator.h">
      <Filter>Файлы заголовков\Utility</Filter>
    </ClInclude>
    <ClInclude Include="Matrix.h">
      <Filter>Файлы заголовков\Utility</Filter>
    </ClInclude>
    <ClInclude Include="resource.h">
      <Filter>Файлы заголовков</Filter>
    </ClInclude>
    <ClInclude Include="AbstractSearch.h">
      <Filter>Файлы заголовков\Search</Filter>
    </ClInclude>
    <ClInclude Include="SequentialSearch.h">
      <Filter>Файлы заголовков\Search</Filter>
    </ClInclude>
    <ClInclude Include="BinarySearch.h">
      <Filter>Файлы заголовков\Search</Filter>
    </ClInclude>
  </ItemGroup>
  <ItemGroup>
    <ResourceCompile Include="Lab7.rc">
      <Filter>Файлы ресурсов</Filter>
    </ResourceCompile>
  </ItemGroup>
</Project>